
Microsoft Visual Studio Solution File, Format Version 12.00
# Visual Studio Version 16
VisualStudioVersion = 16.0.30413.136
MinimumVisualStudioVersion = 10.0.40219.1
Project("{9A19103F-16F7-4668-BE54-9A1E7A4F7556}") = "DogKeepers.Server", "DogKeepers\Server\DogKeepers.Server.csproj", "{9A854059-5DAD-4F8B-9D04-0F012CDDDF5A}"
EndProject
Project("{9A19103F-16F7-4668-BE54-9A1E7A4F7556}") = "DogKeepers.Client", "DogKeepers\Client\DogKeepers.Client.csproj", "{10D6DB5D-D27F-4174-8334-703292EB945D}"
EndProject
Project("{9A19103F-16F7-4668-BE54-9A1E7A4F7556}") = "DogKeepers.Shared", "DogKeepers\Shared\DogKeepers.Shared.csproj", "{B0985E20-BDFE-49E5-8196-E8139B43266F}"
EndProject
Project("{9A19103F-16F7-4668-BE54-9A1E7A4F7556}") = "DogKeepers.Core", "DogKeepers\DogKeepers.Core\DogKeepers.Core.csproj", "{5361EACB-682F-449E-9421-A29C126A7EB2}"
EndProject
Project("{9A19103F-16F7-4668-BE54-9A1E7A4F7556}") = "DogKeepers.Infrastructure", "DogKeepers\DogKeepers.Infrastructure\DogKeepers.Infrastructure.csproj", "{56E4E02E-8FC9-4EA9-90E8-1FEEC020DC25}"
EndProject
Project("{2150E333-8FDC-42A3-9474-1A3956D46DE8}") = "Web", "Web", "{D71387D1-4151-4876-8FBE-2BB207FFD931}"
EndProject
Project("{2150E333-8FDC-42A3-9474-1A3956D46DE8}") = "Architecture", "Architecture", "{DE8AAF69-3905-498B-9937-CABAE77EF790}"
EndProject
Global
	GlobalSection(SolutionConfigurationPlatforms) = preSolution
		Debug|Any CPU = Debug|Any CPU
		Release|Any CPU = Release|Any CPU
	EndGlobalSection
	GlobalSection(ProjectConfigurationPlatforms) = postSolution
		{9A854059-5DAD-4F8B-9D04-0F012CDDDF5A}.Debug|Any CPU.ActiveCfg = Debug|Any CPU
		{9A854059-5DAD-4F8B-9D04-0F012CDDDF5A}.Debug|Any CPU.Build.0 = Debug|Any CPU
		{9A854059-5DAD-4F8B-9D04-0F012CDDDF5A}.Release|Any CPU.ActiveCfg = Release|Any CPU
		{9A854059-5DAD-4F8B-9D04-0F012CDDDF5A}.Release|Any CPU.Build.0 = Release|Any CPU
		{10D6DB5D-D27F-4174-8334-703292EB945D}.Debug|Any CPU.ActiveCfg = Debug|Any CPU
		{10D6DB5D-D27F-4174-8334-703292EB945D}.Debug|Any CPU.Build.0 = Debug|Any CPU
		{10D6DB5D-D27F-4174-8334-703292EB945D}.Release|Any CPU.ActiveCfg = Release|Any CPU
		{10D6DB5D-D27F-4174-8334-703292EB945D}.Release|Any CPU.Build.0 = Release|Any CPU
		{B0985E20-BDFE-49E5-8196-E8139B43266F}.Debug|Any CPU.ActiveCfg = Debug|Any CPU
		{B0985E20-BDFE-49E5-8196-E8139B43266F}.Debug|Any CPU.Build.0 = Debug|Any CPU
		{B0985E20-BDFE-49E5-8196-E8139B43266F}.Release|Any CPU.ActiveCfg = Release|Any CPU
		{B0985E20-BDFE-49E5-8196-E8139B43266F}.Release|Any CPU.Build.0 = Release|Any CPU
		{5361EACB-682F-449E-9421-A29C126A7EB2}.Debug|Any CPU.ActiveCfg = Debug|Any CPU
		{5361EACB-682F-449E-9421-A29C126A7EB2}.Debug|Any CPU.Build.0 = Debug|Any CPU
		{5361EACB-682F-449E-9421-A29C126A7EB2}.Release|Any CPU.ActiveCfg = Release|Any CPU
		{5361EACB-682F-449E-9421-A29C126A7EB2}.Release|Any CPU.Build.0 = Release|Any CPU
		{56E4E02E-8FC9-4EA9-90E8-1FEEC020DC25}.Debug|Any CPU.ActiveCfg = Debug|Any CPU
		{56E4E02E-8FC9-4EA9-90E8-1FEEC020DC25}.Debug|Any CPU.Build.0 = Debug|Any CPU
		{56E4E02E-8FC9-4EA9-90E8-1FEEC020DC25}.Release|Any CPU.ActiveCfg = Release|Any CPU
		{56E4E02E-8FC9-4EA9-90E8-1FEEC020DC25}.Release|Any CPU.Build.0 = Release|Any CPU
	EndGlobalSection
	GlobalSection(SolutionProperties) = preSolution
		HideSolutionNode = FALSE
	EndGlobalSection
	GlobalSection(NestedProjects) = preSolution
		{9A854059-5DAD-4F8B-9D04-0F012CDDDF5A} = {D71387D1-4151-4876-8FBE-2BB207FFD931}
		{10D6DB5D-D27F-4174-8334-703292EB945D} = {D71387D1-4151-4876-8FBE-2BB207FFD931}
		{B0985E20-BDFE-49E5-8196-E8139B43266F} = {DE8AAF69-3905-498B-9937-CABAE77EF790}
		{5361EACB-682F-449E-9421-A29C126A7EB2} = {DE8AAF69-3905-498B-9937-CABAE77EF790}
		{56E4E02E-8FC9-4EA9-90E8-1FEEC020DC25} = {DE8AAF69-3905-498B-9937-CABAE77EF790}
	EndGlobalSection
	GlobalSection(ExtensibilityGlobals) = postSolution
		SolutionGuid = {6D1347D7-D0F1-4B6F-B781-30B2E54DD0BA}
	EndGlobalSection
EndGlobal
